
Microsoft Visual Studio Solution File, Format Version 12.00
# Visual Studio Version 16
VisualStudioVersion = 16.0.33801.447
MinimumVisualStudioVersion = 10.0.40219.1
Project("{FAE04EC0-301F-11D3-BF4B-00C04F79EFBC}") = "Recursion", "Recursion\Recursion.csproj", "{5248718C-72F0-4A1D-9B1E-3C0BE23D5C47}"
EndProject
Global
	GlobalSection(SolutionConfigurationPlatforms) = preSolution
		Debug|Any CPU = Debug|Any CPU
		Release|Any CPU = Release|Any CPU
	EndGlobalSection
	GlobalSection(ProjectConfigurationPlatforms) = postSolution
		{5248718C-72F0-4A1D-9B1E-3C0BE23D5C47}.Debug|Any CPU.ActiveCfg = Debug|Any CPU
		{5248718C-72F0-4A1D-9B1E-3C0BE23D5C47}.Debug|Any CPU.Build.0 = Debug|Any CPU
		{5248718C-72F0-4A1D-9B1E-3C0BE23D5C47}.Release|Any CPU.ActiveCfg = Release|Any CPU
		{5248718C-72F0-4A1D-9B1E-3C0BE23D5C47}.Release|Any CPU.Build.0 = Release|Any CPU
	EndGlobalSection
	GlobalSection(SolutionProperties) = preSolution
		HideSolutionNode = FALSE
	EndGlobalSection
	GlobalSection(ExtensibilityGlobals) = postSolution
		SolutionGuid = {F266FF62-7BEA-464D-9E14-9A6C151248BA}
	EndGlobalSection
EndGlobal
