
Microsoft Visual Studio Solution File, Format Version 12.00
# Visual Studio Version 16
VisualStudioVersion = 16.0.30309.148
MinimumVisualStudioVersion = 10.0.40219.1
Project("{FAE04EC0-301F-11D3-BF4B-00C04F79EFBC}") = "IPTracker", "IPTracker\IPTracker.csproj", "{69437AEB-384C-4813-BBE2-6B0D7EA3942A}"
EndProject
Global
	GlobalSection(SolutionConfigurationPlatforms) = preSolution
		Debug|Any CPU = Debug|Any CPU
		Release|Any CPU = Release|Any CPU
	EndGlobalSection
	GlobalSection(ProjectConfigurationPlatforms) = postSolution
		{69437AEB-384C-4813-BBE2-6B0D7EA3942A}.Debug|Any CPU.ActiveCfg = Debug|Any CPU
		{69437AEB-384C-4813-BBE2-6B0D7EA3942A}.Debug|Any CPU.Build.0 = Debug|Any CPU
		{69437AEB-384C-4813-BBE2-6B0D7EA3942A}.Release|Any CPU.ActiveCfg = Release|Any CPU
		{69437AEB-384C-4813-BBE2-6B0D7EA3942A}.Release|Any CPU.Build.0 = Release|Any CPU
	EndGlobalSection
	GlobalSection(SolutionProperties) = preSolution
		HideSolutionNode = FALSE
	EndGlobalSection
	GlobalSection(ExtensibilityGlobals) = postSolution
		SolutionGuid = {0EAEFA6C-B4F3-4D09-A074-93E568D4D296}
	EndGlobalSection
EndGlobal
